
Microsoft Visual Studio Solution File, Format Version 12.00
# Visual Studio 15
VisualStudioVersion = 15.0.26730.16
MinimumVisualStudioVersion = 10.0.40219.1
Project("{FAE04EC0-301F-11D3-BF4B-00C04F79EFBC}") = "Capitalizer", "Capitalizer\Capitalizer.csproj", "{AE25AF3D-BD52-43D0-BC3A-9DA275F80160}"
EndProject
Project("{FAE04EC0-301F-11D3-BF4B-00C04F79EFBC}") = "Capitalizer.Mapper", "Capitalizer.Mapper\Capitalizer.Mapper.csproj", "{4A7766F6-5747-4257-BA04-A3FFAA6C721E}"
EndProject
Project("{FAE04EC0-301F-11D3-BF4B-00C04F79EFBC}") = "Capitalizer.Shared", "Capitalizer.Shared\Capitalizer.Shared.csproj", "{CF1B95E0-50D7-4E78-9F2F-8034CCBF3CDB}"
EndProject
Project("{FAE04EC0-301F-11D3-BF4B-00C04F79EFBC}") = "Capitalizer.SymbolMapper", "Capitalizer.SymbolMapper\Capitalizer.SymbolMapper.csproj", "{343B096A-04BF-4EE3-9AEA-54F161192FF6}"
EndProject
Global
	GlobalSection(SolutionConfigurationPlatforms) = preSolution
		Debug|Any CPU = Debug|Any CPU
		Release|Any CPU = Release|Any CPU
	EndGlobalSection
	GlobalSection(ProjectConfigurationPlatforms) = postSolution
		{AE25AF3D-BD52-43D0-BC3A-9DA275F80160}.Debug|Any CPU.ActiveCfg = Debug|Any CPU
		{AE25AF3D-BD52-43D0-BC3A-9DA275F80160}.Debug|Any CPU.Build.0 = Debug|Any CPU
		{AE25AF3D-BD52-43D0-BC3A-9DA275F80160}.Release|Any CPU.ActiveCfg = Release|Any CPU
		{AE25AF3D-BD52-43D0-BC3A-9DA275F80160}.Release|Any CPU.Build.0 = Release|Any CPU
		{4A7766F6-5747-4257-BA04-A3FFAA6C721E}.Debug|Any CPU.ActiveCfg = Debug|Any CPU
		{4A7766F6-5747-4257-BA04-A3FFAA6C721E}.Debug|Any CPU.Build.0 = Debug|Any CPU
		{4A7766F6-5747-4257-BA04-A3FFAA6C721E}.Release|Any CPU.ActiveCfg = Release|Any CPU
		{4A7766F6-5747-4257-BA04-A3FFAA6C721E}.Release|Any CPU.Build.0 = Release|Any CPU
		{CF1B95E0-50D7-4E78-9F2F-8034CCBF3CDB}.Debug|Any CPU.ActiveCfg = Debug|Any CPU
		{CF1B95E0-50D7-4E78-9F2F-8034CCBF3CDB}.Debug|Any CPU.Build.0 = Debug|Any CPU
		{CF1B95E0-50D7-4E78-9F2F-8034CCBF3CDB}.Release|Any CPU.ActiveCfg = Release|Any CPU
		{CF1B95E0-50D7-4E78-9F2F-8034CCBF3CDB}.Release|Any CPU.Build.0 = Release|Any CPU
		{343B096A-04BF-4EE3-9AEA-54F161192FF6}.Debug|Any CPU.ActiveCfg = Debug|Any CPU
		{343B096A-04BF-4EE3-9AEA-54F161192FF6}.Debug|Any CPU.Build.0 = Debug|Any CPU
		{343B096A-04BF-4EE3-9AEA-54F161192FF6}.Release|Any CPU.ActiveCfg = Release|Any CPU
		{343B096A-04BF-4EE3-9AEA-54F161192FF6}.Release|Any CPU.Build.0 = Release|Any CPU
	EndGlobalSection
	GlobalSection(SolutionProperties) = preSolution
		HideSolutionNode = FALSE
	EndGlobalSection
	GlobalSection(ExtensibilityGlobals) = postSolution
		SolutionGuid = {3CE19BAA-9624-40D5-8DB2-343512C1E732}
	EndGlobalSection
EndGlobal
